
Microsoft Visual Studio Solution File, Format Version 12.00
# Visual Studio Version 17
VisualStudioVersion = 17.5.002.0
MinimumVisualStudioVersion = 10.0.40219.1
Project("{9A19103F-16F7-4668-BE54-9A1E7A4F7556}") = "todogamma", "todogamma.csproj", "{D216641B-BB26-4220-B0DC-653BD39E0B95}"
EndProject
Global
	GlobalSection(SolutionConfigurationPlatforms) = preSolution
		Debug|Any CPU = Debug|Any CPU
		Release|Any CPU = Release|Any CPU
	EndGlobalSection
	GlobalSection(ProjectConfigurationPlatforms) = postSolution
		{D216641B-BB26-4220-B0DC-653BD39E0B95}.Debug|Any CPU.ActiveCfg = Debug|Any CPU
		{D216641B-BB26-4220-B0DC-653BD39E0B95}.Debug|Any CPU.Build.0 = Debug|Any CPU
		{D216641B-BB26-4220-B0DC-653BD39E0B95}.Release|Any CPU.ActiveCfg = Release|Any CPU
		{D216641B-BB26-4220-B0DC-653BD39E0B95}.Release|Any CPU.Build.0 = Release|Any CPU
	EndGlobalSection
	GlobalSection(SolutionProperties) = preSolution
		HideSolutionNode = FALSE
	EndGlobalSection
	GlobalSection(ExtensibilityGlobals) = postSolution
		SolutionGuid = {00B7EC81-4D62-4BEA-84DF-E75CB0BE5151}
	EndGlobalSection
EndGlobal
